// !$*UTF8*$!
{
	archiveVersion = 1;
	classes = {
	};
	objectVersion = 46;
	objects = {

/* Begin PBXBuildFile section */
		9FF9AF381D2A3232007E75E4 /* AppDelegate.swift in Sources */ = {isa = PBXBuildFile; fileRef = 9FF9AF371D2A3232007E75E4 /* AppDelegate.swift */; };
		9FF9AF3A1D2A3232007E75E4 /* ViewController.swift in Sources */ = {isa = PBXBuildFile; fileRef = 9FF9AF391D2A3232007E75E4 /* ViewController.swift */; };
		9FF9AF3D1D2A3232007E75E4 /* Main.storyboard in Resources */ = {isa = PBXBuildFile; fileRef = 9FF9AF3B1D2A3232007E75E4 /* Main.storyboard */; };
		9FF9AF3F1D2A3232007E75E4 /* Assets.xcassets in Resources */ = {isa = PBXBuildFile; fileRef = 9FF9AF3E1D2A3232007E75E4 /* Assets.xcassets */; };
		9FF9AF421D2A3232007E75E4 /* LaunchScreen.storyboard in Resources */ = {isa = PBXBuildFile; fileRef = 9FF9AF401D2A3232007E75E4 /* LaunchScreen.storyboard */; };
		9FF9AF4A1D2A34B5007E75E4 /* CoreLocation.framework in Frameworks */ = {isa = PBXBuildFile; fileRef = 9FF9AF491D2A34B5007E75E4 /* CoreLocation.framework */; };
		9FF9AF4C1D2A34C2007E75E4 /* MapKit.framework in Frameworks */ = {isa = PBXBuildFile; fileRef = 9FF9AF4B1D2A34C2007E75E4 /* MapKit.framework */; };
/* End PBXBuildFile section */

/* Begin PBXFileReference section */
		9FF9AF341D2A3232007E75E4 /* MapKitDistanceExercise.app */ = {isa = PBXFileReference; explicitFileType = wrapper.application; includeInIndex = 0; path = MapKitDistanceExercise.app; sourceTree = BUILT_PRODUCTS_DIR; };
		9FF9AF371D2A3232007E75E4 /* AppDelegate.swift */ = {isa = PBXFileReference; lastKnownFileType = sourcecode.swift; path = AppDelegate.swift; sourceTree = "<group>"; };
		9FF9AF391D2A3232007E75E4 /* ViewController.swift */ = {isa = PBXFileReference; lastKnownFileType = sourcecode.swift; path = ViewController.swift; sourceTree = "<group>"; };
		9FF9AF3C1D2A3232007E75E4 /* Base */ = {isa = PBXFileReference; lastKnownFileType = file.storyboard; name = Base; path = Base.lproj/Main.storyboard; sourceTree = "<group>"; };
		9FF9AF3E1D2A3232007E75E4 /* Assets.xcassets */ = {isa = PBXFileReference; lastKnownFileType = folder.assetcatalog; path = Assets.xcassets; sourceTree = "<group>"; };
		9FF9AF411D2A3232007E75E4 /* Base */ = {isa = PBXFileReference; lastKnownFileType = file.storyboard; name = Base; path = Base.lproj/LaunchScreen.storyboard; sourceTree = "<group>"; };
		9FF9AF431D2A3232007E75E4 /* Info.plist */ = {isa = PBXFileReference; lastKnownFileType = text.plist.xml; path = Info.plist; sourceTree = "<group>"; };
		9FF9AF491D2A34B5007E75E4 /* CoreLocation.framework */ = {isa = PBXFileReference; lastKnownFileType = wrapper.framework; name = CoreLocation.framework; path = System/Library/Frameworks/CoreLocation.framework; sourceTree = SDKROOT; };
		9FF9AF4B1D2A34C2007E75E4 /* MapKit.framework */ = {isa = PBXFileReference; lastKnownFileType = wrapper.framework; name = MapKit.framework; path = System/Library/Frameworks/MapKit.framework; sourceTree = SDKROOT; };
/* End PBXFileReference section */

/* Begin PBXFrameworksBuildPhase section */
		9FF9AF311D2A3232007E75E4 /* Frameworks */ = {
			isa = PBXFrameworksBuildPhase;
			buildActionMask = 2147483647;
			files = (
				9FF9AF4C1D2A34C2007E75E4 /* MapKit.framework in Frameworks */,
				9FF9AF4A1D2A34B5007E75E4 /* CoreLocation.framework in Frameworks */,
			);
			runOnlyForDeploymentPostprocessing = 0;
		};
/* End PBXFrameworksBuildPhase section */

/* Begin PBXGroup section */
		9FF9AF2B1D2A3232007E75E4 = {
			isa = PBXGroup;
			children = (
				9FF9AF4B1D2A34C2007E75E4 /* MapKit.framework */,
				9FF9AF491D2A34B5007E75E4 /* CoreLocation.framework */,
				9FF9AF361D2A3232007E75E4 /* MapKitDistanceExercise */,
				9FF9AF351D2A3232007E75E4 /* Products */,
			);
			sourceTree = "<group>";
		};
		9FF9AF351D2A3232007E75E4 /* Products */ = {
			isa = PBXGroup;
			children = (
				9FF9AF341D2A3232007E75E4 /* MapKitDistanceExercise.app */,
			);
			name = Products;
			sourceTree = "<group>";
		};
		9FF9AF361D2A3232007E75E4 /* MapKitDistanceExercise */ = {
			isa = PBXGroup;
			children = (
				9FF9AF371D2A3232007E75E4 /* AppDelegate.swift */,
				9FF9AF391D2A3232007E75E4 /* ViewController.swift */,
				9FF9AF3B1D2A3232007E75E4 /* Main.storyboard */,
				9FF9AF3E1D2A3232007E75E4 /* Assets.xcassets */,
				9FF9AF401D2A3232007E75E4 /* LaunchScreen.storyboard */,
				9FF9AF431D2A3232007E75E4 /* Info.plist */,
			);
			path = MapKitDistanceExercise;
			sourceTree = "<group>";
		};
/* End PBXGroup section */

/* Begin PBXNativeTarget section */
		9FF9AF331D2A3232007E75E4 /* MapKitDistanceExercise */ = {
			isa = PBXNativeTarget;
			buildConfigurationList = 9FF9AF461D2A3232007E75E4 /* Build configuration list for PBXNativeTarget "MapKitDistanceExercise" */;
			buildPhases = (
				9FF9AF301D2A3232007E75E4 /* Sources */,
				9FF9AF311D2A3232007E75E4 /* Frameworks */,
				9FF9AF321D2A3232007E75E4 /* Resources */,
			);
			buildRules = (
			);
			dependencies = (
			);
			name = MapKitDistanceExercise;
			productName = MapKitDistanceExercise;
			productReference = 9FF9AF341D2A3232007E75E4 /* MapKitDistanceExercise.app */;
			productType = "com.apple.product-type.application";
		};
/* End PBXNativeTarget section */

/* Begin PBXProject section */
		9FF9AF2C1D2A3232007E75E4 /* Project object */ = {
			isa = PBXProject;
			attributes = {
				LastSwiftUpdateCheck = 0730;
				LastUpgradeCheck = 0730;
				ORGANIZATIONNAME = "張智涵 Vincent Chang";
				TargetAttributes = {
					9FF9AF331D2A3232007E75E4 = {
						CreatedOnToolsVersion = 7.3.1;
						SystemCapabilities = {
							com.apple.BackgroundModes = {
								enabled = 1;
							};
						};
					};
				};
			};
			buildConfigurationList = 9FF9AF2F1D2A3232007E75E4 /* Build configuration list for PBXProject "MapKitDistanceExercise" */;
			compatibilityVersion = "Xcode 3.2";
			developmentRegion = English;
			hasScannedForEncodings = 0;
			knownRegions = (
				en,
				Base,
			);
			mainGroup = 9FF9AF2B1D2A3232007E75E4;
			productRefGroup = 9FF9AF351D2A3232007E75E4 /* Products */;
			projectDirPath = "";
			projectRoot = "";
			targets = (
				9FF9AF331D2A3232007E75E4 /* MapKitDistanceExercise */,
			);
		};
/* End PBXProject section */

/* Begin PBXResourcesBuildPhase section */
		9FF9AF321D2A3232007E75E4 /* Resources */ = {
			isa = PBXResourcesBuildPhase;
			buildActionMask = 2147483647;
			files = (
				9FF9AF421D2A3232007E75E4 /* LaunchScreen.storyboard in Resources */,
				9FF9AF3F1D2A3232007E75E4 /* Assets.xcassets in Resources */,
				9FF9AF3D1D2A3232007E75E4 /* Main.storyboard in Resources */,
			);
			runOnlyForDeploymentPostprocessing = 0;
		};
/* End PBXResourcesBuildPhase section */

/* Begin PBXSourcesBuildPhase section */
		9FF9AF301D2A3232007E75E4 /* Sources */ = {
			isa = PBXSourcesBuildPhase;
			buildActionMask = 2147483647;
			files = (
				9FF9AF3A1D2A3232007E75E4 /* ViewController.swift in Sources */,
				9FF9AF381D2A3232007E75E4 /* AppDelegate.swift in Sources */,
			);
			runOnlyForDeploymentPostprocessing = 0;
		};
/* End PBXSourcesBuildPhase section */

/* Begin PBXVariantGroup section */
		9FF9AF3B1D2A3232007E75E4 /* Main.storyboard */ = {
			isa = PBXVariantGroup;
			children = (
				9FF9AF3C1D2A3232007E75E4 /* Base */,
			);
			name = Main.storyboard;
			sourceTree = "<group>";
		};
		9FF9AF401D2A3232007E75E4 /* LaunchScreen.storyboard */ = {
			isa = PBXVariantGroup;
			children = (
				9FF9AF411D2A3232007E75E4 /* Base */,
			);
			name = LaunchScreen.storyboard;
			sourceTree = "<group>";
		};
/* End PBXVariantGroup section */

/* Begin XCBuildConfiguration section */
		9FF9AF441D2A3232007E75E4 /* Debug */ = {
			isa = XCBuildConfiguration;
			buildSettings = {
				ALWAYS_SEARCH_USER_PATHS = NO;
				CLANG_ANALYZER_NONNULL = YES;
				CLANG_CXX_LANGUAGE_STANDARD = "gnu++0x";
				CLANG_CXX_LIBRARY = "libc++";
				CLANG_ENABLE_MODULES = YES;
				CLANG_ENABLE_OBJC_ARC = YES;
				CLANG_WARN_BOOL_CONVERSION = YES;
				CLANG_WARN_CONSTANT_CONVERSION = YES;
				CLANG_WARN_DIRECT_OBJC_ISA_USAGE = YES_ERROR;
				CLANG_WARN_EMPTY_BODY = YES;
				CLANG_WARN_ENUM_CONVERSION = YES;
				CLANG_WARN_INT_CONVERSION = YES;
				CLANG_WARN_OBJC_ROOT_CLASS = YES_ERROR;
				CLANG_WARN_UNREACHABLE_CODE = YES;
				CLANG_WARN__DUPLICATE_METHOD_MATCH = YES;
				"CODE_SIGN_IDENTITY[sdk=iphoneos*]" = "iPhone Developer";
				COPY_PHASE_STRIP = NO;
				DEBUG_INFORMATION_FORMAT = dwarf;
				ENABLE_STRICT_OBJC_MSGSEND = YES;
				ENABLE_TESTABILITY = YES;
				GCC_C_LANGUAGE_STANDARD = gnu99;
				GCC_DYNAMIC_NO_PIC = NO;
				GCC_NO_COMMON_BLOCKS = YES;
				GCC_OPTIMIZATION_LEVEL = 0;
				GCC_PREPROCESSOR_DEFINITIONS = (
					"DEBUG=1",
					"$(inherited)",
				);
				GCC_WARN_64_TO_32_BIT_CONVERSION = YES;
				GCC_WARN_ABOUT_RETURN_TYPE = YES_ERROR;
				GCC_WARN_UNDECLARED_SELECTOR = YES;
				GCC_WARN_UNINITIALIZED_AUTOS = YES_AGGRESSIVE;
				GCC_WARN_UNUSED_FUNCTION = YES;
				GCC_WARN_UNUSED_VARIABLE = YES;
				IPHONEOS_DEPLOYMENT_TARGET = 9.3;
				MTL_ENABLE_DEBUG_INFO = YES;
				ONLY_ACTIVE_ARCH = YES;
				SDKROOT = iphoneos;
				SWIFT_OPTIMIZATION_LEVEL = "-Onone";
			};
			name = Debug;
		};
		9FF9AF451D2A3232007E75E4 /* Release */ = {
			isa = XCBuildConfiguration;
			buildSettings = {
				ALWAYS_SEARCH_USER_PATHS = NO;
				CLANG_ANALYZER_NONNULL = YES;
				CLANG_CXX_LANGUAGE_STANDARD = "gnu++0x";
				CLANG_CXX_LIBRARY = "libc++";
				CLANG_ENABLE_MODULES = YES;
				CLANG_ENABLE_OBJC_ARC = YES;
				CLANG_WARN_BOOL_CONVERSION = YES;
				CLANG_WARN_CONSTANT_CONVERSION = YES;
				CLANG_WARN_DIRECT_OBJC_ISA_USAGE = YES_ERROR;
				CLANG_WARN_EMPTY_BODY = YES;
				CLANG_WARN_ENUM_CONVERSION = YES;
				CLANG_WARN_INT_CONVERSION = YES;
				CLANG_WARN_OBJC_ROOT_CLASS = YES_ERROR;
				CLANG_WARN_UNREACHABLE_CODE = YES;
				CLANG_WARN__DUPLICATE_METHOD_MATCH = YES;
				"CODE_SIGN_IDENTITY[sdk=iphoneos*]" = "iPhone Developer";
				COPY_PHASE_STRIP = NO;
				DEBUG_INFORMATION_FORMAT = "dwarf-with-dsym";
				ENABLE_NS_ASSERTIONS = NO;
				ENABLE_STRICT_OBJC_MSGSEND = YES;
				GCC_C_LANGUAGE_STANDARD = gnu99;
				GCC_NO_COMMON_BLOCKS = YES;
				GCC_WARN_64_TO_32_BIT_CONVERSION = YES;
				GCC_WARN_ABOUT_RETURN_TYPE = YES_ERROR;
				GCC_WARN_UNDECLARED_SELECTOR = YES;
				GCC_WARN_UNINITIALIZED_AUTOS = YES_AGGRESSIVE;
				GCC_WARN_UNUSED_FUNCTION = YES;
				GCC_WARN_UNUSED_VARIABLE = YES;
				IPHONEOS_DEPLOYMENT_TARGET = 9.3;
				MTL_ENABLE_DEBUG_INFO = NO;
				SDKROOT = iphoneos;
				VALIDATE_PRODUCT = YES;
			};
			name = Release;
		};
		9FF9AF471D2A3232007E75E4 /* Debug */ = {
			isa = XCBuildConfiguration;
			buildSettings = {
				ASSETCATALOG_COMPILER_APPICON_NAME = AppIcon;
				INFOPLIST_FILE = MapKitDistanceExercise/Info.plist;
				LD_RUNPATH_SEARCH_PATHS = "$(inherited) @executable_path/Frameworks";
				PRODUCT_BUNDLE_IDENTIFIER = co.VincentChang.MapKitDistanceExercise;
				PRODUCT_NAME = "$(TARGET_NAME)";
			};
			name = Debug;
		};
		9FF9AF481D2A3232007E75E4 /* Release */ = {
			isa = XCBuildConfiguration;
			buildSettings = {
				ASSETCATALOG_COMPILER_APPICON_NAME = AppIcon;
				INFOPLIST_FILE = MapKitDistanceExercise/Info.plist;
				LD_RUNPATH_SEARCH_PATHS = "$(inherited) @executable_path/Frameworks";
				PRODUCT_BUNDLE_IDENTIFIER = co.VincentChang.MapKitDistanceExercise;
				PRODUCT_NAME = "$(TARGET_NAME)";
			};
			name = Release;
		};
/* End XCBuildConfiguration section */

/* Begin XCConfigurationList section */
		9FF9AF2F1D2A3232007E75E4 /* Build configuration list for PBXProject "MapKitDistanceExercise" */ = {
			isa = XCConfigurationList;
			buildConfigurations = (
				9FF9AF441D2A3232007E75E4 /* Debug */,
				9FF9AF451D2A3232007E75E4 /* Release */,
			);
			defaultConfigurationIsVisible = 0;
			defaultConfigurationName = Release;
		};
		9FF9AF461D2A3232007E75E4 /* Build configuration list for PBXNativeTarget "MapKitDistanceExercise" */ = {
			isa = XCConfigurationList;
			buildConfigurations = (
				9FF9AF471D2A3232007E75E4 /* Debug */,
				9FF9AF481D2A3232007E75E4 /* Release */,
			);
			defaultConfigurationIsVisible = 0;
		};
/* End XCConfigurationList section */
	};
	rootObject = 9FF9AF2C1D2A3232007E75E4 /* Project object */;
}
